<Solution>
  <Folder Name="/01-SolidPrinciples/">
    <File Path="SolidPrinciplesReadMe.md" />
    <Project Path="01-SolidPrinciples/AfterDIP/AfterDIP.csproj" />
    <Project Path="01-SolidPrinciples/AfterISP/AfterISP.csproj" />
    <Project Path="01-SolidPrinciples/AfterLSP/AfterLSP.csproj" />
    <Project Path="01-SolidPrinciples/AfterOCP/AfterOCP.csproj" />
    <Project Path="01-SolidPrinciples/BeforeDIP/BeforeDIP.csproj" />
    <Project Path="01-SolidPrinciples/BeforeISP/BeforeISP.csproj" />
    <Project Path="01-SolidPrinciples/BeforeLSP/BeforeLSP.csproj" />
    <Project Path="01-SolidPrinciples/BeforeOCP/BeforeOCP.csproj" />
    <Project Path="01-SolidPrinciples/BeforeSRP/BeforeSRP.csproj" />
    <Project Path="01-SolidPrinciples/ClassLibrary1/AfterSRP.csproj" />
    <Project Path="01-SolidPrinciples/SolidPrinciplesConsole/SolidPrinciplesConsole.csproj" />
  </Folder>
  <Folder Name="/02-DesignPatterns/">
    <File Path="DesignPatternsReadMe.md" />
    <Project Path="02-DesignPatterns/DesignPatternsConsole/DesignPatternsConsole.csproj" Id="fb862e16-fb62-452d-b9b9-41f57177102c" />
    <Project Path="02-DesignPatterns/FactoryDemo/FactoryDemo.csproj" Id="214480cc-06f9-4b85-93a3-93025278f7f6" />
    <Project Path="02-DesignPatterns/RepositoryDemo/RepositoryDemo.csproj" Id="5edf4615-9b9b-44a0-bc90-34e80e2d349b" />
    <Project Path="02-DesignPatterns/SingletonDemo/SingletonDemo.csproj" Id="83fe1886-446d-4653-98ba-9c185d0ae74b" />
    <Project Path="02-DesignPatterns/StrategyDemo/StrategyDemo.csproj" Id="67334858-7d17-4391-ae4c-268327d8e5d2" />
    <Project Path="02-DesignPatterns/UnitOfWorkDemo/UnitOfWorkDemo.csproj" Id="5e3f0c19-8292-44d2-9dd6-c8a4f528bb38" />
  </Folder>
</Solution>
